
Microsoft Visual Studio Solution File, Format Version 12.00
# Visual Studio Version 17
VisualStudioVersion = 17.4.33110.190
MinimumVisualStudioVersion = 10.0.40219.1
Project("{9A19103F-16F7-4668-BE54-9A1E7A4F7556}") = "nWeaveTask", "nWeaveTask.csproj", "{D63AF2DE-F0DB-4483-AF13-BB040A7DF07A}"
EndProject
Project("{9A19103F-16F7-4668-BE54-9A1E7A4F7556}") = "nWeaveTask.DAL", "nWeaveTask.DAL\nWeaveTask.DAL.csproj", "{62355915-2125-44B1-A22C-D8E8732BE188}"
EndProject
Project("{9A19103F-16F7-4668-BE54-9A1E7A4F7556}") = "nWeaveTask.BL", "nWeaveTask.BL\nWeaveTask.BL.csproj", "{5F529E2A-832A-4789-8B72-94717C7DA4F6}"
EndProject
Global
	GlobalSection(SolutionConfigurationPlatforms) = preSolution
		Debug|Any CPU = Debug|Any CPU
		Release|Any CPU = Release|Any CPU
	EndGlobalSection
	GlobalSection(ProjectConfigurationPlatforms) = postSolution
		{D63AF2DE-F0DB-4483-AF13-BB040A7DF07A}.Debug|Any CPU.ActiveCfg = Debug|Any CPU
		{D63AF2DE-F0DB-4483-AF13-BB040A7DF07A}.Debug|Any CPU.Build.0 = Debug|Any CPU
		{D63AF2DE-F0DB-4483-AF13-BB040A7DF07A}.Release|Any CPU.ActiveCfg = Release|Any CPU
		{D63AF2DE-F0DB-4483-AF13-BB040A7DF07A}.Release|Any CPU.Build.0 = Release|Any CPU
		{62355915-2125-44B1-A22C-D8E8732BE188}.Debug|Any CPU.ActiveCfg = Debug|Any CPU
		{62355915-2125-44B1-A22C-D8E8732BE188}.Debug|Any CPU.Build.0 = Debug|Any CPU
		{62355915-2125-44B1-A22C-D8E8732BE188}.Release|Any CPU.ActiveCfg = Release|Any CPU
		{62355915-2125-44B1-A22C-D8E8732BE188}.Release|Any CPU.Build.0 = Release|Any CPU
		{5F529E2A-832A-4789-8B72-94717C7DA4F6}.Debug|Any CPU.ActiveCfg = Debug|Any CPU
		{5F529E2A-832A-4789-8B72-94717C7DA4F6}.Debug|Any CPU.Build.0 = Debug|Any CPU
		{5F529E2A-832A-4789-8B72-94717C7DA4F6}.Release|Any CPU.ActiveCfg = Release|Any CPU
		{5F529E2A-832A-4789-8B72-94717C7DA4F6}.Release|Any CPU.Build.0 = Release|Any CPU
	EndGlobalSection
	GlobalSection(SolutionProperties) = preSolution
		HideSolutionNode = FALSE
	EndGlobalSection
	GlobalSection(ExtensibilityGlobals) = postSolution
		SolutionGuid = {B41CA2C9-40EE-41C9-A9D6-B7FAFD5D8B29}
	EndGlobalSection
EndGlobal
